
Microsoft Visual Studio Solution File, Format Version 12.00
Project("{FAE04EC0-301F-11D3-BF4B-00C04F79EFBC}") = "Cryptocurrencies", "Cryptocurrencies\Cryptocurrencies.csproj", "{3BCC389E-25CE-41E3-8AF0-786573009AFA}"
EndProject
Global
	GlobalSection(SolutionConfigurationPlatforms) = preSolution
		Debug|Any CPU = Debug|Any CPU
		Release|Any CPU = Release|Any CPU
	EndGlobalSection
	GlobalSection(ProjectConfigurationPlatforms) = postSolution
		{3BCC389E-25CE-41E3-8AF0-786573009AFA}.Debug|Any CPU.ActiveCfg = Debug|Any CPU
		{3BCC389E-25CE-41E3-8AF0-786573009AFA}.Debug|Any CPU.Build.0 = Debug|Any CPU
		{3BCC389E-25CE-41E3-8AF0-786573009AFA}.Release|Any CPU.ActiveCfg = Release|Any CPU
		{3BCC389E-25CE-41E3-8AF0-786573009AFA}.Release|Any CPU.Build.0 = Release|Any CPU
	EndGlobalSection
EndGlobal
